{
  "nodes": {
    "flake-compat": {
      "locked": {
        "lastModified": 1747046372,
        "narHash": "sha256-CIVLLkVgvHYbgI2UpXvIIBJ12HWgX+fjA8Xf8PUmqCY=",
        "owner": "edolstra",
        "repo": "flake-compat",
        "rev": "9100a0f413b0c601e0533d1d94ffd501ce2e7885",
        "type": "github"
      },
      "original": {
        "owner": "edolstra",
        "repo": "flake-compat",
        "type": "github"
      }
    },
    "flake-parts": {
      "inputs": {
        "nixpkgs-lib": "nixpkgs-lib"
      },
      "locked": {
        "lastModified": 1759362264,
        "narHash": "sha256-wfG0S7pltlYyZTM+qqlhJ7GMw2fTF4mLKCIVhLii/4M=",
        "owner": "hercules-ci",
        "repo": "flake-parts",
        "rev": "758cf7296bee11f1706a574c77d072b8a7baa881",
        "type": "github"
      },
      "original": {
        "owner": "hercules-ci",
        "repo": "flake-parts",
        "type": "github"
      }
    },
    "flake-utils": {
      "inputs": {
        "systems": "systems"
      },
      "locked": {
        "lastModified": 1731533236,
        "narHash": "sha256-l0KFg5HjrsfsO/JpG+r7fRrqm12kzFHyUHqHCVpMMbI=",
        "owner": "numtide",
        "repo": "flake-utils",
        "rev": "11707dc2f618dd54ca8739b309ec4fc024de578b",
        "type": "github"
      },
      "original": {
        "owner": "numtide",
        "repo": "flake-utils",
        "type": "github"
      }
    },
    "hf-nix": {
      "inputs": {
        "flake-compat": "flake-compat",
        "flake-utils": "flake-utils",
        "nixpkgs": "nixpkgs"
      },
      "locked": {
        "lastModified": 1759851564,
        "narHash": "sha256-Xybkhm0FM/VzlZ5WndTYq/X/9MAeddd4EQ2Vz8GdkOA=",
        "owner": "huggingface",
        "repo": "hf-nix",
        "rev": "351655d9f124805ed7c1193aa61550ce245f4570",
        "type": "github"
      },
      "original": {
        "owner": "huggingface",
        "repo": "hf-nix",
        "type": "github"
      }
    },
    "home-manager": {
      "inputs": {
        "nixpkgs": [
          "nixpkgs"
        ]
      },
      "locked": {
        "lastModified": 1760239230,
        "narHash": "sha256-eqSP/BAbQwNTlQ/6yuK0yILzZAPNNj91gp6oIfVtu/E=",
        "owner": "nix-community",
        "repo": "home-manager",
        "rev": "c4aaddeaecc09554c92518fd904e3e84b497ed09",
        "type": "github"
      },
      "original": {
        "owner": "nix-community",
        "repo": "home-manager",
        "type": "github"
      }
    },
    "import-tree": {
      "locked": {
        "lastModified": 1752730890,
        "narHash": "sha256-GES8fapSLGz36MMPRVNkSUWXUTtqvGQNXHjRmRLfJUY=",
        "owner": "vic",
        "repo": "import-tree",
        "rev": "6ebb8cb87987b20264c09296166543fd3761d274",
        "type": "github"
      },
      "original": {
        "owner": "vic",
        "repo": "import-tree",
        "type": "github"
      }
    },
    "nix2container": {
      "inputs": {
        "nixpkgs": [
          "hf-nix",
          "nixpkgs"
        ]
      },
      "locked": {
        "lastModified": 1759343371,
        "narHash": "sha256-AVNDLKUc4Y4PprIOkXdrXQeGhWtHSD5kRKN7s1agvKs=",
        "owner": "baileylutcd",
        "repo": "nix2container",
        "rev": "bb526c357806861a7a25fda5f2a5fc3879a049d9",
        "type": "github"
      },
      "original": {
        "owner": "baileylutcd",
        "ref": "add-passthru-attribute",
        "repo": "nix2container",
        "type": "github"
      }
    },
    "nixpkgs": {
      "locked": {
        "lastModified": 1755963616,
        "narHash": "sha256-6yD0ww/S8n+U2uPYcJZ3DRURP8Kx036GRpR2uPNZroE=",
        "owner": "nixos",
        "repo": "nixpkgs",
        "rev": "73e96df7cff5783f45e21342a75a1540c4eddce4",
        "type": "github"
      },
      "original": {
        "owner": "nixos",
        "ref": "nixos-unstable-small",
        "repo": "nixpkgs",
        "type": "github"
      }
    },
    "nixpkgs-lib": {
      "locked": {
        "lastModified": 1754788789,
        "narHash": "sha256-x2rJ+Ovzq0sCMpgfgGaaqgBSwY+LST+WbZ6TytnT9Rk=",
        "owner": "nix-community",
        "repo": "nixpkgs.lib",
        "rev": "a73b9c743612e4244d865a2fdee11865283c04e6",
        "type": "github"
      },
      "original": {
        "owner": "nix-community",
        "repo": "nixpkgs.lib",
        "type": "github"
      }
    },
    "process-compose-flake": {
      "locked": {
        "lastModified": 1758658658,
        "narHash": "sha256-y5GSCqlGe/uZzlocCPZcjc7Gj+mTq7m0P6xPGx88+No=",
        "owner": "Platonic-Systems",
        "repo": "process-compose-flake",
        "rev": "e968a94633788f5d9595d727f41c2baf0714be7b",
        "type": "github"
      },
      "original": {
        "owner": "Platonic-Systems",
        "repo": "process-compose-flake",
        "type": "github"
      }
    },
    "root": {
      "inputs": {
        "flake-parts": "flake-parts",
        "hf-nix": "hf-nix",
        "home-manager": "home-manager",
        "import-tree": "import-tree",
        "nix2container": "nix2container",
        "nixpkgs": [
          "hf-nix",
          "nixpkgs"
        ],
        "process-compose-flake": "process-compose-flake",
        "services-flake": "services-flake",
        "systems": "systems_2",
        "treefmt-nix": "treefmt-nix"
      }
    },
    "services-flake": {
      "locked": {
        "lastModified": 1760230039,
        "narHash": "sha256-fbb61j0wOz/aH8wRjK/BDaQTdN61Kug41jp/4VyFfvw=",
        "owner": "juspay",
        "repo": "services-flake",
        "rev": "479bcf2b08b6e41e59034a6b092d08eca96db2d9",
        "type": "github"
      },
      "original": {
        "owner": "juspay",
        "repo": "services-flake",
        "type": "github"
      }
    },
    "systems": {
      "locked": {
        "lastModified": 1681028828,
        "narHash": "sha256-Vy1rq5AaRuLzOxct8nz4T6wlgyUR7zLU309k9mBC768=",
        "owner": "nix-systems",
        "repo": "default",
        "rev": "da67096a3b9bf56a91d16901293e51ba5b49a27e",
        "type": "github"
      },
      "original": {
        "owner": "nix-systems",
        "repo": "default",
        "type": "github"
      }
    },
    "systems_2": {
      "locked": {
        "lastModified": 1681028828,
        "narHash": "sha256-Vy1rq5AaRuLzOxct8nz4T6wlgyUR7zLU309k9mBC768=",
        "owner": "nix-systems",
        "repo": "default",
        "rev": "da67096a3b9bf56a91d16901293e51ba5b49a27e",
        "type": "github"
      },
      "original": {
        "owner": "nix-systems",
        "repo": "default",
        "type": "github"
      }
    },
    "treefmt-nix": {
      "inputs": {
        "nixpkgs": [
          "nixpkgs"
        ]
      },
      "locked": {
        "lastModified": 1760120816,
        "narHash": "sha256-gq9rdocpmRZCwLS5vsHozwB6b5nrOBDNc2kkEaTXHfg=",
        "owner": "numtide",
        "repo": "treefmt-nix",
        "rev": "761ae7aff00907b607125b2f57338b74177697ed",
        "type": "github"
      },
      "original": {
        "owner": "numtide",
        "repo": "treefmt-nix",
        "type": "github"
      }
    }
  },
  "root": "root",
  "version": 7
}
